
Microsoft Visual Studio Solution File, Format Version 12.00
# Visual Studio Version 17
VisualStudioVersion = 17.9.34723.18
MinimumVisualStudioVersion = 10.0.40219.1
Project("{FAE04EC0-301F-11D3-BF4B-00C04F79EFBC}") = "API", "API\API.csproj", "{8B8C1AA5-8FC5-4F42-BDD8-9FC828089A76}"
EndProject
Global
	GlobalSection(SolutionConfigurationPlatforms) = preSolution
		Debug|Any CPU = Debug|Any CPU
		Release|Any CPU = Release|Any CPU
	EndGlobalSection
	GlobalSection(ProjectConfigurationPlatforms) = postSolution
		{8B8C1AA5-8FC5-4F42-BDD8-9FC828089A76}.Debug|Any CPU.ActiveCfg = Debug|Any CPU
		{8B8C1AA5-8FC5-4F42-BDD8-9FC828089A76}.Debug|Any CPU.Build.0 = Debug|Any CPU
		{8B8C1AA5-8FC5-4F42-BDD8-9FC828089A76}.Release|Any CPU.ActiveCfg = Release|Any CPU
		{8B8C1AA5-8FC5-4F42-BDD8-9FC828089A76}.Release|Any CPU.Build.0 = Release|Any CPU
	EndGlobalSection
	GlobalSection(SolutionProperties) = preSolution
		HideSolutionNode = FALSE
	EndGlobalSection
	GlobalSection(ExtensibilityGlobals) = postSolution
		SolutionGuid = {0A1AF155-00CC-4884-8422-9F9988C034C0}
	EndGlobalSection
EndGlobal
